// !$*UTF8*$!
{
	archiveVersion = 1;
	classes = {
	};
	objectVersion = 56;
	objects = {

/* Begin PBXBuildFile section */
		474873EB2C64FD19003C1D5E /* WidgetKit.framework in Frameworks */ = {isa = PBXBuildFile; fileRef = 474873A62C64DC4E003C1D5E /* WidgetKit.framework */; };
		474873EC2C64FD19003C1D5E /* SwiftUI.framework in Frameworks */ = {isa = PBXBuildFile; fileRef = 474873A82C64DC4E003C1D5E /* SwiftUI.framework */; };
		474873EF2C64FD19003C1D5E /* Bundle.swift in Sources */ = {isa = PBXBuildFile; fileRef = 474873EE2C64FD19003C1D5E /* Bundle.swift */; };
		474873F12C64FD19003C1D5E /* WeatherWidgetLiveActivity.swift in Sources */ = {isa = PBXBuildFile; fileRef = 474873F02C64FD19003C1D5E /* WeatherWidgetLiveActivity.swift */; };
		474873F72C64FD1A003C1D5E /* Assets.xcassets in Resources */ = {isa = PBXBuildFile; fileRef = 474873F62C64FD1A003C1D5E /* Assets.xcassets */; };
		474873FB2C64FD1A003C1D5E /* WeatherWidgetExtension.appex in Embed Foundation Extensions */ = {isa = PBXBuildFile; fileRef = 474873EA2C64FD19003C1D5E /* WeatherWidgetExtension.appex */; settings = {ATTRIBUTES = (RemoveHeadersOnCopy, ); }; };
		4756D2C82C694EBF00BF16F1 /* LocationManager.swift in Sources */ = {isa = PBXBuildFile; fileRef = 4756D2C72C694EBF00BF16F1 /* LocationManager.swift */; };
		4756D2CB2C69563200BF16F1 /* LocationManager.swift in Sources */ = {isa = PBXBuildFile; fileRef = 4756D2C72C694EBF00BF16F1 /* LocationManager.swift */; };
		47761B462C63B4990027DE18 /* CityRowView.swift in Sources */ = {isa = PBXBuildFile; fileRef = 47761B452C63B4990027DE18 /* CityRowView.swift */; };
		479252B92C6585D30032CE7F /* Icons.swift in Sources */ = {isa = PBXBuildFile; fileRef = 47BAFC2B2C60263600DCDE92 /* Icons.swift */; };
		479252BD2C662CD00032CE7F /* CurrentModal.swift in Sources */ = {isa = PBXBuildFile; fileRef = 47BAFC7A2C63778300DCDE92 /* CurrentModal.swift */; };
		479252C12C665E5A0032CE7F /* API.swift in Sources */ = {isa = PBXBuildFile; fileRef = 47BAFC272C5EE21200DCDE92 /* API.swift */; };
		479252C22C665E820032CE7F /* WeatherModal.swift in Sources */ = {isa = PBXBuildFile; fileRef = 47BAFC252C5EE1F100DCDE92 /* WeatherModal.swift */; };
		479252C32C665F270032CE7F /* Conventers.swift in Sources */ = {isa = PBXBuildFile; fileRef = 47BAFC292C5FDDCF00DCDE92 /* Conventers.swift */; };
		479252C62C66C9440032CE7F /* Models.swift in Sources */ = {isa = PBXBuildFile; fileRef = 479252C42C66C93A0032CE7F /* Models.swift */; };
		479252C92C66C9C50032CE7F /* Providers.swift in Sources */ = {isa = PBXBuildFile; fileRef = 479252C72C66C9B10032CE7F /* Providers.swift */; };
		479252CC2C66C9F00032CE7F /* Views.swift in Sources */ = {isa = PBXBuildFile; fileRef = 479252CA2C66C9E40032CE7F /* Views.swift */; };
		479252CF2C66CA140032CE7F /* Widgets.swift in Sources */ = {isa = PBXBuildFile; fileRef = 479252CD2C66CA0D0032CE7F /* Widgets.swift */; };
		47BAFC262C5EE1F100DCDE92 /* WeatherModal.swift in Sources */ = {isa = PBXBuildFile; fileRef = 47BAFC252C5EE1F100DCDE92 /* WeatherModal.swift */; };
		47BAFC282C5EE21200DCDE92 /* API.swift in Sources */ = {isa = PBXBuildFile; fileRef = 47BAFC272C5EE21200DCDE92 /* API.swift */; };
		47BAFC2A2C5FDDCF00DCDE92 /* Conventers.swift in Sources */ = {isa = PBXBuildFile; fileRef = 47BAFC292C5FDDCF00DCDE92 /* Conventers.swift */; };
		47BAFC2C2C60263600DCDE92 /* Icons.swift in Sources */ = {isa = PBXBuildFile; fileRef = 47BAFC2B2C60263600DCDE92 /* Icons.swift */; };
		47BAFC442C60DC4300DCDE92 /* APPTests.swift in Sources */ = {isa = PBXBuildFile; fileRef = 47BAFC432C60DC4300DCDE92 /* APPTests.swift */; };
		47BAFC4B2C60F11100DCDE92 /* GradientBackground.swift in Sources */ = {isa = PBXBuildFile; fileRef = 47BAFC4A2C60F11100DCDE92 /* GradientBackground.swift */; };
		47BAFC4D2C6103E200DCDE92 /* LocationWeatherView.swift in Sources */ = {isa = PBXBuildFile; fileRef = 47BAFC4C2C6103E200DCDE92 /* LocationWeatherView.swift */; };
		47BAFC5C2C62CF5C00DCDE92 /* City.swift in Sources */ = {isa = PBXBuildFile; fileRef = 47BAFC5B2C62CF5C00DCDE92 /* City.swift */; };
		47BAFC7B2C63778300DCDE92 /* CurrentModal.swift in Sources */ = {isa = PBXBuildFile; fileRef = 47BAFC7A2C63778300DCDE92 /* CurrentModal.swift */; };
		47EC68B72C5D50AC001BA302 /* WeatherAPPApp.swift in Sources */ = {isa = PBXBuildFile; fileRef = 47EC68B62C5D50AC001BA302 /* WeatherAPPApp.swift */; };
		47EC68B92C5D50AC001BA302 /* ContentView.swift in Sources */ = {isa = PBXBuildFile; fileRef = 47EC68B82C5D50AC001BA302 /* ContentView.swift */; };
		47EC68BD2C5D50AD001BA302 /* Assets.xcassets in Resources */ = {isa = PBXBuildFile; fileRef = 47EC68BC2C5D50AD001BA302 /* Assets.xcassets */; };
		47EC68C02C5D50AD001BA302 /* Preview Assets.xcassets in Resources */ = {isa = PBXBuildFile; fileRef = 47EC68BF2C5D50AD001BA302 /* Preview Assets.xcassets */; };
/* End PBXBuildFile section */

/* Begin PBXContainerItemProxy section */
		474873F92C64FD1A003C1D5E /* PBXContainerItemProxy */ = {
			isa = PBXContainerItemProxy;
			containerPortal = 47EC68AB2C5D50AC001BA302 /* Project object */;
			proxyType = 1;
			remoteGlobalIDString = 474873E92C64FD19003C1D5E;
			remoteInfo = WeatherWidgetExtension;
		};
		47BAFC452C60DC4300DCDE92 /* PBXContainerItemProxy */ = {
			isa = PBXContainerItemProxy;
			containerPortal = 47EC68AB2C5D50AC001BA302 /* Project object */;
			proxyType = 1;
			remoteGlobalIDString = 47EC68B22C5D50AC001BA302;
			remoteInfo = WeatherAPP;
		};
/* End PBXContainerItemProxy section */

/* Begin PBXCopyFilesBuildPhase section */
		474873BC2C64DC4F003C1D5E /* Embed Foundation Extensions */ = {
			isa = PBXCopyFilesBuildPhase;
			buildActionMask = 2147483647;
			dstPath = "";
			dstSubfolderSpec = 13;
			files = (
				474873FB2C64FD1A003C1D5E /* WeatherWidgetExtension.appex in Embed Foundation Extensions */,
			);
			name = "Embed Foundation Extensions";
			runOnlyForDeploymentPostprocessing = 0;
		};
/* End PBXCopyFilesBuildPhase section */

/* Begin PBXFileReference section */
		474873A62C64DC4E003C1D5E /* WidgetKit.framework */ = {isa = PBXFileReference; lastKnownFileType = wrapper.framework; name = WidgetKit.framework; path = System/Library/Frameworks/WidgetKit.framework; sourceTree = SDKROOT; };
		474873A82C64DC4E003C1D5E /* SwiftUI.framework */ = {isa = PBXFileReference; lastKnownFileType = wrapper.framework; name = SwiftUI.framework; path = System/Library/Frameworks/SwiftUI.framework; sourceTree = SDKROOT; };
		474873BD2C64DD7F003C1D5E /* WeatherAPP.entitlements */ = {isa = PBXFileReference; lastKnownFileType = text.plist.entitlements; path = WeatherAPP.entitlements; sourceTree = "<group>"; };
		474873BE2C64DDAE003C1D5E /* WeatherWidgetExtension.entitlements */ = {isa = PBXFileReference; lastKnownFileType = text.plist.entitlements; path = WeatherWidgetExtension.entitlements; sourceTree = "<group>"; };
		474873EA2C64FD19003C1D5E /* WeatherWidgetExtension.appex */ = {isa = PBXFileReference; explicitFileType = "wrapper.app-extension"; includeInIndex = 0; path = WeatherWidgetExtension.appex; sourceTree = BUILT_PRODUCTS_DIR; };
		474873EE2C64FD19003C1D5E /* Bundle.swift */ = {isa = PBXFileReference; lastKnownFileType = sourcecode.swift; path = Bundle.swift; sourceTree = "<group>"; };
		474873F02C64FD19003C1D5E /* WeatherWidgetLiveActivity.swift */ = {isa = PBXFileReference; lastKnownFileType = sourcecode.swift; path = WeatherWidgetLiveActivity.swift; sourceTree = "<group>"; };
		474873F62C64FD1A003C1D5E /* Assets.xcassets */ = {isa = PBXFileReference; lastKnownFileType = folder.assetcatalog; path = Assets.xcassets; sourceTree = "<group>"; };
		474873F82C64FD1A003C1D5E /* Info.plist */ = {isa = PBXFileReference; lastKnownFileType = text.plist.xml; path = Info.plist; sourceTree = "<group>"; };
		4756D2C62C694E8B00BF16F1 /* Info.plist */ = {isa = PBXFileReference; lastKnownFileType = text.plist; path = Info.plist; sourceTree = "<group>"; };
		4756D2C72C694EBF00BF16F1 /* LocationManager.swift */ = {isa = PBXFileReference; lastKnownFileType = sourcecode.swift; path = LocationManager.swift; sourceTree = "<group>"; };
		47761B452C63B4990027DE18 /* CityRowView.swift */ = {isa = PBXFileReference; lastKnownFileType = sourcecode.swift; path = CityRowView.swift; sourceTree = "<group>"; };
		479252C42C66C93A0032CE7F /* Models.swift */ = {isa = PBXFileReference; lastKnownFileType = sourcecode.swift; path = Models.swift; sourceTree = "<group>"; };
		479252C72C66C9B10032CE7F /* Providers.swift */ = {isa = PBXFileReference; lastKnownFileType = sourcecode.swift; path = Providers.swift; sourceTree = "<group>"; };
		479252CA2C66C9E40032CE7F /* Views.swift */ = {isa = PBXFileReference; lastKnownFileType = sourcecode.swift; path = Views.swift; sourceTree = "<group>"; };
		479252CD2C66CA0D0032CE7F /* Widgets.swift */ = {isa = PBXFileReference; lastKnownFileType = sourcecode.swift; path = Widgets.swift; sourceTree = "<group>"; };
		47BAFC252C5EE1F100DCDE92 /* WeatherModal.swift */ = {isa = PBXFileReference; lastKnownFileType = sourcecode.swift; path = WeatherModal.swift; sourceTree = "<group>"; };
		47BAFC272C5EE21200DCDE92 /* API.swift */ = {isa = PBXFileReference; lastKnownFileType = sourcecode.swift; path = API.swift; sourceTree = "<group>"; };
		47BAFC292C5FDDCF00DCDE92 /* Conventers.swift */ = {isa = PBXFileReference; lastKnownFileType = sourcecode.swift; path = Conventers.swift; sourceTree = "<group>"; };
		47BAFC2B2C60263600DCDE92 /* Icons.swift */ = {isa = PBXFileReference; lastKnownFileType = sourcecode.swift; path = Icons.swift; sourceTree = "<group>"; };
		47BAFC412C60DC4300DCDE92 /* APPTests.xctest */ = {isa = PBXFileReference; explicitFileType = wrapper.cfbundle; includeInIndex = 0; path = APPTests.xctest; sourceTree = BUILT_PRODUCTS_DIR; };
		47BAFC432C60DC4300DCDE92 /* APPTests.swift */ = {isa = PBXFileReference; lastKnownFileType = sourcecode.swift; path = APPTests.swift; sourceTree = "<group>"; };
		47BAFC4A2C60F11100DCDE92 /* GradientBackground.swift */ = {isa = PBXFileReference; lastKnownFileType = sourcecode.swift; path = GradientBackground.swift; sourceTree = "<group>"; };
		47BAFC4C2C6103E200DCDE92 /* LocationWeatherView.swift */ = {isa = PBXFileReference; lastKnownFileType = sourcecode.swift; path = LocationWeatherView.swift; sourceTree = "<group>"; };
		47BAFC5B2C62CF5C00DCDE92 /* City.swift */ = {isa = PBXFileReference; lastKnownFileType = sourcecode.swift; path = City.swift; sourceTree = "<group>"; };
		47BAFC7A2C63778300DCDE92 /* CurrentModal.swift */ = {isa = PBXFileReference; lastKnownFileType = sourcecode.swift; path = CurrentModal.swift; sourceTree = "<group>"; };
		47EC68B32C5D50AC001BA302 /* WeatherAPP.app */ = {isa = PBXFileReference; explicitFileType = wrapper.application; includeInIndex = 0; path = WeatherAPP.app; sourceTree = BUILT_PRODUCTS_DIR; };
		47EC68B62C5D50AC001BA302 /* WeatherAPPApp.swift */ = {isa = PBXFileReference; lastKnownFileType = sourcecode.swift; path = WeatherAPPApp.swift; sourceTree = "<group>"; };
		47EC68B82C5D50AC001BA302 /* ContentView.swift */ = {isa = PBXFileReference; lastKnownFileType = sourcecode.swift; path = ContentView.swift; sourceTree = "<group>"; };
		47EC68BC2C5D50AD001BA302 /* Assets.xcassets */ = {isa = PBXFileReference; lastKnownFileType = folder.assetcatalog; path = Assets.xcassets; sourceTree = "<group>"; };
		47EC68BF2C5D50AD001BA302 /* Preview Assets.xcassets */ = {isa = PBXFileReference; lastKnownFileType = folder.assetcatalog; path = "Preview Assets.xcassets"; sourceTree = "<group>"; };
/* End PBXFileReference section */

/* Begin PBXFrameworksBuildPhase section */
		474873E72C64FD19003C1D5E /* Frameworks */ = {
			isa = PBXFrameworksBuildPhase;
			buildActionMask = 2147483647;
			files = (
				474873EC2C64FD19003C1D5E /* SwiftUI.framework in Frameworks */,
				474873EB2C64FD19003C1D5E /* WidgetKit.framework in Frameworks */,
			);
			runOnlyForDeploymentPostprocessing = 0;
		};
		47BAFC3E2C60DC4300DCDE92 /* Frameworks */ = {
			isa = PBXFrameworksBuildPhase;
			buildActionMask = 2147483647;
			files = (
			);
			runOnlyForDeploymentPostprocessing = 0;
		};
		47EC68B02C5D50AC001BA302 /* Frameworks */ = {
			isa = PBXFrameworksBuildPhase;
			buildActionMask = 2147483647;
			files = (
			);
			runOnlyForDeploymentPostprocessing = 0;
		};
/* End PBXFrameworksBuildPhase section */

/* Begin PBXGroup section */
		474873A52C64DC4E003C1D5E /* Frameworks */ = {
			isa = PBXGroup;
			children = (
				474873A62C64DC4E003C1D5E /* WidgetKit.framework */,
				474873A82C64DC4E003C1D5E /* SwiftUI.framework */,
			);
			name = Frameworks;
			sourceTree = "<group>";
		};
		474873ED2C64FD19003C1D5E /* WeatherWidget */ = {
			isa = PBXGroup;
			children = (
				474873EE2C64FD19003C1D5E /* Bundle.swift */,
				479252CD2C66CA0D0032CE7F /* Widgets.swift */,
				479252CA2C66C9E40032CE7F /* Views.swift */,
				479252C72C66C9B10032CE7F /* Providers.swift */,
				474873F02C64FD19003C1D5E /* WeatherWidgetLiveActivity.swift */,
				474873F62C64FD1A003C1D5E /* Assets.xcassets */,
				474873F82C64FD1A003C1D5E /* Info.plist */,
				479252C42C66C93A0032CE7F /* Models.swift */,
			);
			path = WeatherWidget;
			sourceTree = "<group>";
		};
		47AE548B2C63899E00A33BB3 /* Views */ = {
			isa = PBXGroup;
			children = (
				47EC68B82C5D50AC001BA302 /* ContentView.swift */,
				47761B452C63B4990027DE18 /* CityRowView.swift */,
				47BAFC4C2C6103E200DCDE92 /* LocationWeatherView.swift */,
			);
			path = Views;
			sourceTree = "<group>";
		};
		47AE548C2C6389BC00A33BB3 /* Others */ = {
			isa = PBXGroup;
			children = (
				47BAFC2B2C60263600DCDE92 /* Icons.swift */,
				47BAFC4A2C60F11100DCDE92 /* GradientBackground.swift */,
				47BAFC292C5FDDCF00DCDE92 /* Conventers.swift */,
				4756D2C72C694EBF00BF16F1 /* LocationManager.swift */,
			);
			path = Others;
			sourceTree = "<group>";
		};
		47BAFC422C60DC4300DCDE92 /* APPTests */ = {
			isa = PBXGroup;
			children = (
				47BAFC432C60DC4300DCDE92 /* APPTests.swift */,
			);
			path = APPTests;
			sourceTree = "<group>";
		};
		47BAFC5A2C62CF4D00DCDE92 /* Models */ = {
			isa = PBXGroup;
			children = (
				47BAFC5B2C62CF5C00DCDE92 /* City.swift */,
			);
			path = Models;
			sourceTree = "<group>";
		};
		47BAFC792C63776000DCDE92 /* API_files */ = {
			isa = PBXGroup;
			children = (
				47BAFC252C5EE1F100DCDE92 /* WeatherModal.swift */,
				47BAFC7A2C63778300DCDE92 /* CurrentModal.swift */,
				47BAFC272C5EE21200DCDE92 /* API.swift */,
			);
			path = API_files;
			sourceTree = "<group>";
		};
		47EC68AA2C5D50AC001BA302 = {
			isa = PBXGroup;
			children = (
				474873BE2C64DDAE003C1D5E /* WeatherWidgetExtension.entitlements */,
				47EC68B52C5D50AC001BA302 /* WeatherAPP */,
				47BAFC422C60DC4300DCDE92 /* APPTests */,
				474873ED2C64FD19003C1D5E /* WeatherWidget */,
				474873A52C64DC4E003C1D5E /* Frameworks */,
				47EC68B42C5D50AC001BA302 /* Products */,
			);
			sourceTree = "<group>";
		};
		47EC68B42C5D50AC001BA302 /* Products */ = {
			isa = PBXGroup;
			children = (
				47EC68B32C5D50AC001BA302 /* WeatherAPP.app */,
				47BAFC412C60DC4300DCDE92 /* APPTests.xctest */,
				474873EA2C64FD19003C1D5E /* WeatherWidgetExtension.appex */,
			);
			name = Products;
			sourceTree = "<group>";
		};
		47EC68B52C5D50AC001BA302 /* WeatherAPP */ = {
			isa = PBXGroup;
			children = (
				4756D2C62C694E8B00BF16F1 /* Info.plist */,
				474873BD2C64DD7F003C1D5E /* WeatherAPP.entitlements */,
				47EC68B62C5D50AC001BA302 /* WeatherAPPApp.swift */,
				47BAFC5A2C62CF4D00DCDE92 /* Models */,
				47AE548C2C6389BC00A33BB3 /* Others */,
				47AE548B2C63899E00A33BB3 /* Views */,
				47BAFC792C63776000DCDE92 /* API_files */,
				47EC68BC2C5D50AD001BA302 /* Assets.xcassets */,
				47EC68BE2C5D50AD001BA302 /* Preview Content */,
			);
			path = WeatherAPP;
			sourceTree = "<group>";
		};
		47EC68BE2C5D50AD001BA302 /* Preview Content */ = {
			isa = PBXGroup;
			children = (
				47EC68BF2C5D50AD001BA302 /* Preview Assets.xcassets */,
			);
			path = "Preview Content";
			sourceTree = "<group>";
		};
/* End PBXGroup section */

/* Begin PBXNativeTarget section */
		474873E92C64FD19003C1D5E /* WeatherWidgetExtension */ = {
			isa = PBXNativeTarget;
			buildConfigurationList = 474873FC2C64FD1A003C1D5E /* Build configuration list for PBXNativeTarget "WeatherWidgetExtension" */;
			buildPhases = (
				474873E62C64FD19003C1D5E /* Sources */,
				474873E72C64FD19003C1D5E /* Frameworks */,
				474873E82C64FD19003C1D5E /* Resources */,
			);
			buildRules = (
			);
			dependencies = (
			);
			name = WeatherWidgetExtension;
			productName = WeatherWidgetExtension;
			productReference = 474873EA2C64FD19003C1D5E /* WeatherWidgetExtension.appex */;
			productType = "com.apple.product-type.app-extension";
		};
		47BAFC402C60DC4300DCDE92 /* APPTests */ = {
			isa = PBXNativeTarget;
			buildConfigurationList = 47BAFC472C60DC4300DCDE92 /* Build configuration list for PBXNativeTarget "APPTests" */;
			buildPhases = (
				47BAFC3D2C60DC4300DCDE92 /* Sources */,
				47BAFC3E2C60DC4300DCDE92 /* Frameworks */,
				47BAFC3F2C60DC4300DCDE92 /* Resources */,
			);
			buildRules = (
			);
			dependencies = (
				47BAFC462C60DC4300DCDE92 /* PBXTargetDependency */,
			);
			name = APPTests;
			productName = APPTests;
			productReference = 47BAFC412C60DC4300DCDE92 /* APPTests.xctest */;
			productType = "com.apple.product-type.bundle.unit-test";
		};
		47EC68B22C5D50AC001BA302 /* WeatherAPP */ = {
			isa = PBXNativeTarget;
			buildConfigurationList = 47EC68C32C5D50AD001BA302 /* Build configuration list for PBXNativeTarget "WeatherAPP" */;
			buildPhases = (
				47EC68AF2C5D50AC001BA302 /* Sources */,
				47EC68B02C5D50AC001BA302 /* Frameworks */,
				47EC68B12C5D50AC001BA302 /* Resources */,
				474873BC2C64DC4F003C1D5E /* Embed Foundation Extensions */,
			);
			buildRules = (
			);
			dependencies = (
				474873FA2C64FD1A003C1D5E /* PBXTargetDependency */,
			);
			name = WeatherAPP;
			productName = WeatherAPP;
			productReference = 47EC68B32C5D50AC001BA302 /* WeatherAPP.app */;
			productType = "com.apple.product-type.application";
		};
/* End PBXNativeTarget section */

/* Begin PBXProject section */
		47EC68AB2C5D50AC001BA302 /* Project object */ = {
			isa = PBXProject;
			attributes = {
				BuildIndependentTargetsInParallel = 1;
				LastSwiftUpdateCheck = 1540;
				LastUpgradeCheck = 1540;
				TargetAttributes = {
					474873E92C64FD19003C1D5E = {
						CreatedOnToolsVersion = 15.4;
					};
					47BAFC402C60DC4300DCDE92 = {
						CreatedOnToolsVersion = 15.4;
						TestTargetID = 47EC68B22C5D50AC001BA302;
					};
					47EC68B22C5D50AC001BA302 = {
						CreatedOnToolsVersion = 15.4;
					};
				};
			};
			buildConfigurationList = 47EC68AE2C5D50AC001BA302 /* Build configuration list for PBXProject "WeatherAPP" */;
			compatibilityVersion = "Xcode 14.0";
			developmentRegion = en;
			hasScannedForEncodings = 0;
			knownRegions = (
				en,
				Base,
			);
			mainGroup = 47EC68AA2C5D50AC001BA302;
			productRefGroup = 47EC68B42C5D50AC001BA302 /* Products */;
			projectDirPath = "";
			projectRoot = "";
			targets = (
				47EC68B22C5D50AC001BA302 /* WeatherAPP */,
				47BAFC402C60DC4300DCDE92 /* APPTests */,
				474873E92C64FD19003C1D5E /* WeatherWidgetExtension */,
			);
		};
/* End PBXProject section */

/* Begin PBXResourcesBuildPhase section */
		474873E82C64FD19003C1D5E /* Resources */ = {
			isa = PBXResourcesBuildPhase;
			buildActionMask = 2147483647;
			files = (
				474873F72C64FD1A003C1D5E /* Assets.xcassets in Resources */,
			);
			runOnlyForDeploymentPostprocessing = 0;
		};
		47BAFC3F2C60DC4300DCDE92 /* Resources */ = {
			isa = PBXResourcesBuildPhase;
			buildActionMask = 2147483647;
			files = (
			);
			runOnlyForDeploymentPostprocessing = 0;
		};
		47EC68B12C5D50AC001BA302 /* Resources */ = {
			isa = PBXResourcesBuildPhase;
			buildActionMask = 2147483647;
			files = (
				47EC68C02C5D50AD001BA302 /* Preview Assets.xcassets in Resources */,
				47EC68BD2C5D50AD001BA302 /* Assets.xcassets in Resources */,
			);
			runOnlyForDeploymentPostprocessing = 0;
		};
/* End PBXResourcesBuildPhase section */

/* Begin PBXSourcesBuildPhase section */
		474873E62C64FD19003C1D5E /* Sources */ = {
			isa = PBXSourcesBuildPhase;
			buildActionMask = 2147483647;
			files = (
				479252C62C66C9440032CE7F /* Models.swift in Sources */,
				479252C22C665E820032CE7F /* WeatherModal.swift in Sources */,
				474873EF2C64FD19003C1D5E /* Bundle.swift in Sources */,
				479252CF2C66CA140032CE7F /* Widgets.swift in Sources */,
				474873F12C64FD19003C1D5E /* WeatherWidgetLiveActivity.swift in Sources */,
				479252CC2C66C9F00032CE7F /* Views.swift in Sources */,
				479252B92C6585D30032CE7F /* Icons.swift in Sources */,
				479252C32C665F270032CE7F /* Conventers.swift in Sources */,
				4756D2CB2C69563200BF16F1 /* LocationManager.swift in Sources */,
				479252C92C66C9C50032CE7F /* Providers.swift in Sources */,
				479252C12C665E5A0032CE7F /* API.swift in Sources */,
				479252BD2C662CD00032CE7F /* CurrentModal.swift in Sources */,
			);
			runOnlyForDeploymentPostprocessing = 0;
		};
		47BAFC3D2C60DC4300DCDE92 /* Sources */ = {
			isa = PBXSourcesBuildPhase;
			buildActionMask = 2147483647;
			files = (
				47BAFC442C60DC4300DCDE92 /* APPTests.swift in Sources */,
			);
			runOnlyForDeploymentPostprocessing = 0;
		};
		47EC68AF2C5D50AC001BA302 /* Sources */ = {
			isa = PBXSourcesBuildPhase;
			buildActionMask = 2147483647;
			files = (
				47BAFC4D2C6103E200DCDE92 /* LocationWeatherView.swift in Sources */,
				47BAFC4B2C60F11100DCDE92 /* GradientBackground.swift in Sources */,
				47BAFC5C2C62CF5C00DCDE92 /* City.swift in Sources */,
				47BAFC262C5EE1F100DCDE92 /* WeatherModal.swift in Sources */,
				47BAFC2A2C5FDDCF00DCDE92 /* Conventers.swift in Sources */,
				47BAFC2C2C60263600DCDE92 /* Icons.swift in Sources */,
				47EC68B92C5D50AC001BA302 /* ContentView.swift in Sources */,
				47BAFC282C5EE21200DCDE92 /* API.swift in Sources */,
				4756D2C82C694EBF00BF16F1 /* LocationManager.swift in Sources */,
				47761B462C63B4990027DE18 /* CityRowView.swift in Sources */,
				47EC68B72C5D50AC001BA302 /* WeatherAPPApp.swift in Sources */,
				47BAFC7B2C63778300DCDE92 /* CurrentModal.swift in Sources */,
			);
			runOnlyForDeploymentPostprocessing = 0;
		};
/* End PBXSourcesBuildPhase section */

/* Begin PBXTargetDependency section */
		474873FA2C64FD1A003C1D5E /* PBXTargetDependency */ = {
			isa = PBXTargetDependency;
			target = 474873E92C64FD19003C1D5E /* WeatherWidgetExtension */;
			targetProxy = 474873F92C64FD1A003C1D5E /* PBXContainerItemProxy */;
		};
		47BAFC462C60DC4300DCDE92 /* PBXTargetDependency */ = {
			isa = PBXTargetDependency;
			target = 47EC68B22C5D50AC001BA302 /* WeatherAPP */;
			targetProxy = 47BAFC452C60DC4300DCDE92 /* PBXContainerItemProxy */;
		};
/* End PBXTargetDependency section */

/* Begin XCBuildConfiguration section */
		474873FD2C64FD1A003C1D5E /* Debug */ = {
			isa = XCBuildConfiguration;
			buildSettings = {
				ASSETCATALOG_COMPILER_GLOBAL_ACCENT_COLOR_NAME = AccentColor;
				ASSETCATALOG_COMPILER_WIDGET_BACKGROUND_COLOR_NAME = WidgetBackground;
				CODE_SIGN_ENTITLEMENTS = WeatherWidgetExtension.entitlements;
				CODE_SIGN_STYLE = Automatic;
				CURRENT_PROJECT_VERSION = 1;
				DEVELOPMENT_TEAM = 4Z2HM3SS2M;
				GENERATE_INFOPLIST_FILE = YES;
				INFOPLIST_FILE = WeatherWidget/Info.plist;
				INFOPLIST_KEY_CFBundleDisplayName = WeatherWidget;
				INFOPLIST_KEY_NSHumanReadableCopyright = "";
				LD_RUNPATH_SEARCH_PATHS = (
					"$(inherited)",
					"@executable_path/Frameworks",
					"@executable_path/../../Frameworks",
				);
				MARKETING_VERSION = 1.0;
				PRODUCT_BUNDLE_IDENTIFIER = me.michaltalaga.WeatherAPP.WeatherWidget;
				PRODUCT_NAME = "$(TARGET_NAME)";
				SKIP_INSTALL = YES;
				SWIFT_EMIT_LOC_STRINGS = YES;
				SWIFT_VERSION = 5.0;
				TARGETED_DEVICE_FAMILY = "1,2";
			};
			name = Debug;
		};
		474873FE2C64FD1A003C1D5E /* Release */ = {
			isa = XCBuildConfiguration;
			buildSettings = {
				ASSETCATALOG_COMPILER_GLOBAL_ACCENT_COLOR_NAME = AccentColor;
				ASSETCATALOG_COMPILER_WIDGET_BACKGROUND_COLOR_NAME = WidgetBackground;
				CODE_SIGN_ENTITLEMENTS = WeatherWidgetExtension.entitlements;
				CODE_SIGN_STYLE = Automatic;
				CURRENT_PROJECT_VERSION = 1;
				DEVELOPMENT_TEAM = 4Z2HM3SS2M;
				GENERATE_INFOPLIST_FILE = YES;
				INFOPLIST_FILE = WeatherWidget/Info.plist;
				INFOPLIST_KEY_CFBundleDisplayName = WeatherWidget;
				INFOPLIST_KEY_NSHumanReadableCopyright = "";
				LD_RUNPATH_SEARCH_PATHS = (
					"$(inherited)",
					"@executable_path/Frameworks",
					"@executable_path/../../Frameworks",
				);
				MARKETING_VERSION = 1.0;
				PRODUCT_BUNDLE_IDENTIFIER = me.michaltalaga.WeatherAPP.WeatherWidget;
				PRODUCT_NAME = "$(TARGET_NAME)";
				SKIP_INSTALL = YES;
				SWIFT_EMIT_LOC_STRINGS = YES;
				SWIFT_VERSION = 5.0;
				TARGETED_DEVICE_FAMILY = "1,2";
			};
			name = Release;
		};
		47BAFC482C60DC4300DCDE92 /* Debug */ = {
			isa = XCBuildConfiguration;
			buildSettings = {
				BUNDLE_LOADER = "$(TEST_HOST)";
				CODE_SIGN_STYLE = Automatic;
				CURRENT_PROJECT_VERSION = 1;
				DEVELOPMENT_TEAM = 4Z2HM3SS2M;
				GENERATE_INFOPLIST_FILE = YES;
				MARKETING_VERSION = 1.0;
				PRODUCT_BUNDLE_IDENTIFIER = me.michaltalaga.APPTests;
				PRODUCT_NAME = "$(TARGET_NAME)";
				SWIFT_EMIT_LOC_STRINGS = NO;
				SWIFT_VERSION = 5.0;
				TARGETED_DEVICE_FAMILY = "1,2";
				TEST_HOST = "$(BUILT_PRODUCTS_DIR)/WeatherAPP.app/$(BUNDLE_EXECUTABLE_FOLDER_PATH)/WeatherAPP";
			};
			name = Debug;
		};
		47BAFC492C60DC4300DCDE92 /* Release */ = {
			isa = XCBuildConfiguration;
			buildSettings = {
				BUNDLE_LOADER = "$(TEST_HOST)";
				CODE_SIGN_STYLE = Automatic;
				CURRENT_PROJECT_VERSION = 1;
				DEVELOPMENT_TEAM = 4Z2HM3SS2M;
				GENERATE_INFOPLIST_FILE = YES;
				MARKETING_VERSION = 1.0;
				PRODUCT_BUNDLE_IDENTIFIER = me.michaltalaga.APPTests;
				PRODUCT_NAME = "$(TARGET_NAME)";
				SWIFT_EMIT_LOC_STRINGS = NO;
				SWIFT_VERSION = 5.0;
				TARGETED_DEVICE_FAMILY = "1,2";
				TEST_HOST = "$(BUILT_PRODUCTS_DIR)/WeatherAPP.app/$(BUNDLE_EXECUTABLE_FOLDER_PATH)/WeatherAPP";
			};
			name = Release;
		};
		47EC68C12C5D50AD001BA302 /* Debug */ = {
			isa = XCBuildConfiguration;
			buildSettings = {
				ALWAYS_SEARCH_USER_PATHS = NO;
				ASSETCATALOG_COMPILER_GENERATE_SWIFT_ASSET_SYMBOL_EXTENSIONS = YES;
				CLANG_ANALYZER_NONNULL = YES;
				CLANG_ANALYZER_NUMBER_OBJECT_CONVERSION = YES_AGGRESSIVE;
				CLANG_CXX_LANGUAGE_STANDARD = "gnu++20";
				CLANG_ENABLE_MODULES = YES;
				CLANG_ENABLE_OBJC_ARC = YES;
				CLANG_ENABLE_OBJC_WEAK = YES;
				CLANG_WARN_BLOCK_CAPTURE_AUTORELEASING = YES;
				CLANG_WARN_BOOL_CONVERSION = YES;
				CLANG_WARN_COMMA = YES;
				CLANG_WARN_CONSTANT_CONVERSION = YES;
				CLANG_WARN_DEPRECATED_OBJC_IMPLEMENTATIONS = YES;
				CLANG_WARN_DIRECT_OBJC_ISA_USAGE = YES_ERROR;
				CLANG_WARN_DOCUMENTATION_COMMENTS = YES;
				CLANG_WARN_EMPTY_BODY = YES;
				CLANG_WARN_ENUM_CONVERSION = YES;
				CLANG_WARN_INFINITE_RECURSION = YES;
				CLANG_WARN_INT_CONVERSION = YES;
				CLANG_WARN_NON_LITERAL_NULL_CONVERSION = YES;
				CLANG_WARN_OBJC_IMPLICIT_RETAIN_SELF = YES;
				CLANG_WARN_OBJC_LITERAL_CONVERSION = YES;
				CLANG_WARN_OBJC_ROOT_CLASS = YES_ERROR;
				CLANG_WARN_QUOTED_INCLUDE_IN_FRAMEWORK_HEADER = YES;
				CLANG_WARN_RANGE_LOOP_ANALYSIS = YES;
				CLANG_WARN_STRICT_PROTOTYPES = YES;
				CLANG_WARN_SUSPICIOUS_MOVE = YES;
				CLANG_WARN_UNGUARDED_AVAILABILITY = YES_AGGRESSIVE;
				CLANG_WARN_UNREACHABLE_CODE = YES;
				CLANG_WARN__DUPLICATE_METHOD_MATCH = YES;
				COPY_PHASE_STRIP = NO;
				DEBUG_INFORMATION_FORMAT = dwarf;
				ENABLE_STRICT_OBJC_MSGSEND = YES;
				ENABLE_TESTABILITY = YES;
				ENABLE_USER_SCRIPT_SANDBOXING = YES;
				GCC_C_LANGUAGE_STANDARD = gnu17;
				GCC_DYNAMIC_NO_PIC = NO;
				GCC_NO_COMMON_BLOCKS = YES;
				GCC_OPTIMIZATION_LEVEL = 0;
				GCC_PREPROCESSOR_DEFINITIONS = (
					"DEBUG=1",
					"$(inherited)",
				);
				GCC_WARN_64_TO_32_BIT_CONVERSION = YES;
				GCC_WARN_ABOUT_RETURN_TYPE = YES_ERROR;
				GCC_WARN_UNDECLARED_SELECTOR = YES;
				GCC_WARN_UNINITIALIZED_AUTOS = YES_AGGRESSIVE;
				GCC_WARN_UNUSED_FUNCTION = YES;
				GCC_WARN_UNUSED_VARIABLE = YES;
				IPHONEOS_DEPLOYMENT_TARGET = 17.5;
				LOCALIZATION_PREFERS_STRING_CATALOGS = YES;
				MTL_ENABLE_DEBUG_INFO = INCLUDE_SOURCE;
				MTL_FAST_MATH = YES;
				ONLY_ACTIVE_ARCH = YES;
				SDKROOT = iphoneos;
				SWIFT_ACTIVE_COMPILATION_CONDITIONS = "DEBUG $(inherited)";
				SWIFT_OPTIMIZATION_LEVEL = "-Onone";
			};
			name = Debug;
		};
		47EC68C22C5D50AD001BA302 /* Release */ = {
			isa = XCBuildConfiguration;
			buildSettings = {
				ALWAYS_SEARCH_USER_PATHS = NO;
				ASSETCATALOG_COMPILER_GENERATE_SWIFT_ASSET_SYMBOL_EXTENSIONS = YES;
				CLANG_ANALYZER_NONNULL = YES;
				CLANG_ANALYZER_NUMBER_OBJECT_CONVERSION = YES_AGGRESSIVE;
				CLANG_CXX_LANGUAGE_STANDARD = "gnu++20";
				CLANG_ENABLE_MODULES = YES;
				CLANG_ENABLE_OBJC_ARC = YES;
				CLANG_ENABLE_OBJC_WEAK = YES;
				CLANG_WARN_BLOCK_CAPTURE_AUTORELEASING = YES;
				CLANG_WARN_BOOL_CONVERSION = YES;
				CLANG_WARN_COMMA = YES;
				CLANG_WARN_CONSTANT_CONVERSION = YES;
				CLANG_WARN_DEPRECATED_OBJC_IMPLEMENTATIONS = YES;
				CLANG_WARN_DIRECT_OBJC_ISA_USAGE = YES_ERROR;
				CLANG_WARN_DOCUMENTATION_COMMENTS = YES;
				CLANG_WARN_EMPTY_BODY = YES;
				CLANG_WARN_ENUM_CONVERSION = YES;
				CLANG_WARN_INFINITE_RECURSION = YES;
				CLANG_WARN_INT_CONVERSION = YES;
				CLANG_WARN_NON_LITERAL_NULL_CONVERSION = YES;
				CLANG_WARN_OBJC_IMPLICIT_RETAIN_SELF = YES;
				CLANG_WARN_OBJC_LITERAL_CONVERSION = YES;
				CLANG_WARN_OBJC_ROOT_CLASS = YES_ERROR;
				CLANG_WARN_QUOTED_INCLUDE_IN_FRAMEWORK_HEADER = YES;
				CLANG_WARN_RANGE_LOOP_ANALYSIS = YES;
				CLANG_WARN_STRICT_PROTOTYPES = YES;
				CLANG_WARN_SUSPICIOUS_MOVE = YES;
				CLANG_WARN_UNGUARDED_AVAILABILITY = YES_AGGRESSIVE;
				CLANG_WARN_UNREACHABLE_CODE = YES;
				CLANG_WARN__DUPLICATE_METHOD_MATCH = YES;
				COPY_PHASE_STRIP = NO;
				DEBUG_INFORMATION_FORMAT = "dwarf-with-dsym";
				ENABLE_NS_ASSERTIONS = NO;
				ENABLE_STRICT_OBJC_MSGSEND = YES;
				ENABLE_USER_SCRIPT_SANDBOXING = YES;
				GCC_C_LANGUAGE_STANDARD = gnu17;
				GCC_NO_COMMON_BLOCKS = YES;
				GCC_WARN_64_TO_32_BIT_CONVERSION = YES;
				GCC_WARN_ABOUT_RETURN_TYPE = YES_ERROR;
				GCC_WARN_UNDECLARED_SELECTOR = YES;
				GCC_WARN_UNINITIALIZED_AUTOS = YES_AGGRESSIVE;
				GCC_WARN_UNUSED_FUNCTION = YES;
				GCC_WARN_UNUSED_VARIABLE = YES;
				IPHONEOS_DEPLOYMENT_TARGET = 17.5;
				LOCALIZATION_PREFERS_STRING_CATALOGS = YES;
				MTL_ENABLE_DEBUG_INFO = NO;
				MTL_FAST_MATH = YES;
				SDKROOT = iphoneos;
				SWIFT_COMPILATION_MODE = wholemodule;
				VALIDATE_PRODUCT = YES;
			};
			name = Release;
		};
		47EC68C42C5D50AD001BA302 /* Debug */ = {
			isa = XCBuildConfiguration;
			buildSettings = {
				ALWAYS_EMBED_SWIFT_STANDARD_LIBRARIES = YES;
				ASSETCATALOG_COMPILER_APPICON_NAME = AppIcon;
				ASSETCATALOG_COMPILER_GLOBAL_ACCENT_COLOR_NAME = AccentColor;
				ASSETCATALOG_COMPILER_INCLUDE_ALL_APPICON_ASSETS = NO;
				CODE_SIGN_ENTITLEMENTS = WeatherAPP/WeatherAPP.entitlements;
				CODE_SIGN_STYLE = Automatic;
				CURRENT_PROJECT_VERSION = 1;
				DEVELOPMENT_ASSET_PATHS = "\"WeatherAPP/Preview Content\"";
				DEVELOPMENT_TEAM = 4Z2HM3SS2M;
				ENABLE_PREVIEWS = YES;
				GENERATE_INFOPLIST_FILE = YES;
				INFOPLIST_FILE = WeatherAPP/Info.plist;
				INFOPLIST_KEY_NSLocationAlwaysAndWhenInUseUsageDescription = needed;
				INFOPLIST_KEY_NSLocationAlwaysUsageDescription = needed;
				INFOPLIST_KEY_NSLocationWhenInUseUsageDescription = needed;
				INFOPLIST_KEY_UIApplicationSceneManifest_Generation = YES;
				INFOPLIST_KEY_UIApplicationSupportsIndirectInputEvents = YES;
				INFOPLIST_KEY_UILaunchScreen_Generation = YES;
				INFOPLIST_KEY_UIStatusBarStyle = UIStatusBarStyleDarkContent;
				INFOPLIST_KEY_UISupportedInterfaceOrientations = UIInterfaceOrientationPortrait;
				INFOPLIST_KEY_UIUserInterfaceStyle = Dark;
				LD_RUNPATH_SEARCH_PATHS = (
					"$(inherited)",
					"@executable_path/Frameworks",
				);
				MARKETING_VERSION = 1.0;
				PRODUCT_BUNDLE_IDENTIFIER = me.michaltalaga.WeatherAPP;
				PRODUCT_NAME = "$(TARGET_NAME)";
				SWIFT_EMIT_LOC_STRINGS = YES;
				SWIFT_VERSION = 5.0;
				TARGETED_DEVICE_FAMILY = "1,2";
			};
			name = Debug;
		};
		47EC68C52C5D50AD001BA302 /* Release */ = {
			isa = XCBuildConfiguration;
			buildSettings = {
				ALWAYS_EMBED_SWIFT_STANDARD_LIBRARIES = YES;
				ASSETCATALOG_COMPILER_APPICON_NAME = AppIcon;
				ASSETCATALOG_COMPILER_GLOBAL_ACCENT_COLOR_NAME = AccentColor;
				ASSETCATALOG_COMPILER_INCLUDE_ALL_APPICON_ASSETS = NO;
				CODE_SIGN_ENTITLEMENTS = WeatherAPP/WeatherAPP.entitlements;
				CODE_SIGN_STYLE = Automatic;
				CURRENT_PROJECT_VERSION = 1;
				DEVELOPMENT_ASSET_PATHS = "\"WeatherAPP/Preview Content\"";
				DEVELOPMENT_TEAM = 4Z2HM3SS2M;
				ENABLE_PREVIEWS = YES;
				GENERATE_INFOPLIST_FILE = YES;
				INFOPLIST_FILE = WeatherAPP/Info.plist;
				INFOPLIST_KEY_NSLocationAlwaysAndWhenInUseUsageDescription = needed;
				INFOPLIST_KEY_NSLocationAlwaysUsageDescription = needed;
				INFOPLIST_KEY_NSLocationWhenInUseUsageDescription = needed;
				INFOPLIST_KEY_UIApplicationSceneManifest_Generation = YES;
				INFOPLIST_KEY_UIApplicationSupportsIndirectInputEvents = YES;
				INFOPLIST_KEY_UILaunchScreen_Generation = YES;
				INFOPLIST_KEY_UIStatusBarStyle = UIStatusBarStyleDarkContent;
				INFOPLIST_KEY_UISupportedInterfaceOrientations = UIInterfaceOrientationPortrait;
				INFOPLIST_KEY_UIUserInterfaceStyle = Dark;
				LD_RUNPATH_SEARCH_PATHS = (
					"$(inherited)",
					"@executable_path/Frameworks",
				);
				MARKETING_VERSION = 1.0;
				PRODUCT_BUNDLE_IDENTIFIER = me.michaltalaga.WeatherAPP;
				PRODUCT_NAME = "$(TARGET_NAME)";
				SWIFT_EMIT_LOC_STRINGS = YES;
				SWIFT_VERSION = 5.0;
				TARGETED_DEVICE_FAMILY = "1,2";
			};
			name = Release;
		};
/* End XCBuildConfiguration section */

/* Begin XCConfigurationList section */
		474873FC2C64FD1A003C1D5E /* Build configuration list for PBXNativeTarget "WeatherWidgetExtension" */ = {
			isa = XCConfigurationList;
			buildConfigurations = (
				474873FD2C64FD1A003C1D5E /* Debug */,
				474873FE2C64FD1A003C1D5E /* Release */,
			);
			defaultConfigurationIsVisible = 0;
			defaultConfigurationName = Release;
		};
		47BAFC472C60DC4300DCDE92 /* Build configuration list for PBXNativeTarget "APPTests" */ = {
			isa = XCConfigurationList;
			buildConfigurations = (
				47BAFC482C60DC4300DCDE92 /* Debug */,
				47BAFC492C60DC4300DCDE92 /* Release */,
			);
			defaultConfigurationIsVisible = 0;
			defaultConfigurationName = Release;
		};
		47EC68AE2C5D50AC001BA302 /* Build configuration list for PBXProject "WeatherAPP" */ = {
			isa = XCConfigurationList;
			buildConfigurations = (
				47EC68C12C5D50AD001BA302 /* Debug */,
				47EC68C22C5D50AD001BA302 /* Release */,
			);
			defaultConfigurationIsVisible = 0;
			defaultConfigurationName = Release;
		};
		47EC68C32C5D50AD001BA302 /* Build configuration list for PBXNativeTarget "WeatherAPP" */ = {
			isa = XCConfigurationList;
			buildConfigurations = (
				47EC68C42C5D50AD001BA302 /* Debug */,
				47EC68C52C5D50AD001BA302 /* Release */,
			);
			defaultConfigurationIsVisible = 0;
			defaultConfigurationName = Release;
		};
/* End XCConfigurationList section */
	};
	rootObject = 47EC68AB2C5D50AC001BA302 /* Project object */;
}
